
Microsoft Visual Studio Solution File, Format Version 12.00
# Visual Studio Version 17
VisualStudioVersion = 17.3.32929.385
MinimumVisualStudioVersion = 10.0.40219.1
Project("{FAE04EC0-301F-11D3-BF4B-00C04F79EFBC}") = "BlazorEcommerce.Server", "BlazorEcommerce\Server\BlazorEcommerce.Server.csproj", "{9670F0C9-F646-4E94-80E7-AEB2DEAACB59}"
EndProject
Project("{FAE04EC0-301F-11D3-BF4B-00C04F79EFBC}") = "BlazorEcommerce.Client", "BlazorEcommerce\Client\BlazorEcommerce.Client.csproj", "{1A324642-80B8-457F-86BC-B3E8DBD7570D}"
EndProject
Project("{FAE04EC0-301F-11D3-BF4B-00C04F79EFBC}") = "BlazorEcommerce.Shared", "BlazorEcommerce\Shared\BlazorEcommerce.Shared.csproj", "{C3C08F74-7CF4-493E-8964-93810DA99984}"
EndProject
Global
	GlobalSection(SolutionConfigurationPlatforms) = preSolution
		Debug|Any CPU = Debug|Any CPU
		Release|Any CPU = Release|Any CPU
	EndGlobalSection
	GlobalSection(ProjectConfigurationPlatforms) = postSolution
		{9670F0C9-F646-4E94-80E7-AEB2DEAACB59}.Debug|Any CPU.ActiveCfg = Debug|Any CPU
		{9670F0C9-F646-4E94-80E7-AEB2DEAACB59}.Debug|Any CPU.Build.0 = Debug|Any CPU
		{9670F0C9-F646-4E94-80E7-AEB2DEAACB59}.Release|Any CPU.ActiveCfg = Release|Any CPU
		{9670F0C9-F646-4E94-80E7-AEB2DEAACB59}.Release|Any CPU.Build.0 = Release|Any CPU
		{1A324642-80B8-457F-86BC-B3E8DBD7570D}.Debug|Any CPU.ActiveCfg = Debug|Any CPU
		{1A324642-80B8-457F-86BC-B3E8DBD7570D}.Debug|Any CPU.Build.0 = Debug|Any CPU
		{1A324642-80B8-457F-86BC-B3E8DBD7570D}.Release|Any CPU.ActiveCfg = Release|Any CPU
		{1A324642-80B8-457F-86BC-B3E8DBD7570D}.Release|Any CPU.Build.0 = Release|Any CPU
		{C3C08F74-7CF4-493E-8964-93810DA99984}.Debug|Any CPU.ActiveCfg = Debug|Any CPU
		{C3C08F74-7CF4-493E-8964-93810DA99984}.Debug|Any CPU.Build.0 = Debug|Any CPU
		{C3C08F74-7CF4-493E-8964-93810DA99984}.Release|Any CPU.ActiveCfg = Release|Any CPU
		{C3C08F74-7CF4-493E-8964-93810DA99984}.Release|Any CPU.Build.0 = Release|Any CPU
	EndGlobalSection
	GlobalSection(SolutionProperties) = preSolution
		HideSolutionNode = FALSE
	EndGlobalSection
	GlobalSection(ExtensibilityGlobals) = postSolution
		SolutionGuid = {BE26A00B-4187-4E76-A69F-E8D9E40E7C10}
	EndGlobalSection
EndGlobal
